
Microsoft Visual Studio Solution File, Format Version 11.00
# Visual Studio 2010
# SharpDevelop 4.0.0.7070
Project("{FAE04EC0-301F-11D3-BF4B-00C04F79EFBC}") = "Practica#6", "Practica#6.csproj", "{15D4AC9A-5413-4533-9688-8AB38DFA6503}"
EndProject
Global
	GlobalSection(SolutionConfigurationPlatforms) = preSolution
		Debug|Any CPU = Debug|Any CPU
		Release|Any CPU = Release|Any CPU
		Debug|Any CPU = Debug|Any CPU
		Release|Any CPU = Release|Any CPU
	EndGlobalSection
	GlobalSection(ProjectConfigurationPlatforms) = postSolution
		{15D4AC9A-5413-4533-9688-8AB38DFA6503}.Debug|Any CPU.Build.0 = Debug|Any CPU
		{15D4AC9A-5413-4533-9688-8AB38DFA6503}.Debug|Any CPU.ActiveCfg = Debug|Any CPU
		{15D4AC9A-5413-4533-9688-8AB38DFA6503}.Release|Any CPU.Build.0 = Release|Any CPU
		{15D4AC9A-5413-4533-9688-8AB38DFA6503}.Release|Any CPU.ActiveCfg = Release|Any CPU
	EndGlobalSection
EndGlobal
